
Microsoft Visual Studio Solution File, Format Version 12.00
# Visual Studio Version 16
VisualStudioVersion = 16.0.31729.503
MinimumVisualStudioVersion = 10.0.40219.1
Project("{9A19103F-16F7-4668-BE54-9A1E7A4F7556}") = "PerformanceTests.Cosmos", "PerformanceTests.Cosmos\PerformanceTests.Cosmos.csproj", "{D7CF9ED4-E571-4507-9611-9FBEFE310601}"
EndProject
Global
	GlobalSection(SolutionConfigurationPlatforms) = preSolution
		Debug|Any CPU = Debug|Any CPU
		Debug|x64 = Debug|x64
		Release|Any CPU = Release|Any CPU
		Release|x64 = Release|x64
	EndGlobalSection
	GlobalSection(ProjectConfigurationPlatforms) = postSolution
		{D7CF9ED4-E571-4507-9611-9FBEFE310601}.Debug|Any CPU.ActiveCfg = Debug|x64
		{D7CF9ED4-E571-4507-9611-9FBEFE310601}.Debug|x64.ActiveCfg = Debug|x64
		{D7CF9ED4-E571-4507-9611-9FBEFE310601}.Debug|x64.Build.0 = Debug|x64
		{D7CF9ED4-E571-4507-9611-9FBEFE310601}.Release|Any CPU.ActiveCfg = Release|x64
		{D7CF9ED4-E571-4507-9611-9FBEFE310601}.Release|x64.ActiveCfg = Release|x64
		{D7CF9ED4-E571-4507-9611-9FBEFE310601}.Release|x64.Build.0 = Release|x64
	EndGlobalSection
	GlobalSection(SolutionProperties) = preSolution
		HideSolutionNode = FALSE
	EndGlobalSection
	GlobalSection(ExtensibilityGlobals) = postSolution
		SolutionGuid = {8855FAEA-8787-4023-9283-6BFA24C99181}
	EndGlobalSection
EndGlobal
